
Microsoft Visual Studio Solution File, Format Version 11.00
# Visual Studio 2010
Project("{FAE04EC0-301F-11D3-BF4B-00C04F79EFBC}") = "Bank_System", "Bank_System\Bank_System.csproj", "{BCF498C0-4E59-4670-B1B4-0A8F11F38003}"
EndProject
Global
	GlobalSection(SolutionConfigurationPlatforms) = preSolution
		Debug|x86 = Debug|x86
		Release|x86 = Release|x86
	EndGlobalSection
	GlobalSection(ProjectConfigurationPlatforms) = postSolution
		{BCF498C0-4E59-4670-B1B4-0A8F11F38003}.Debug|x86.ActiveCfg = Debug|x86
		{BCF498C0-4E59-4670-B1B4-0A8F11F38003}.Debug|x86.Build.0 = Debug|x86
		{BCF498C0-4E59-4670-B1B4-0A8F11F38003}.Release|x86.ActiveCfg = Release|x86
		{BCF498C0-4E59-4670-B1B4-0A8F11F38003}.Release|x86.Build.0 = Release|x86
	EndGlobalSection
	GlobalSection(SolutionProperties) = preSolution
		HideSolutionNode = FALSE
	EndGlobalSection
EndGlobal
